
Microsoft Visual Studio Solution File, Format Version 12.00
# Visual Studio Version 17
VisualStudioVersion = 17.14.36429.23
MinimumVisualStudioVersion = 10.0.40219.1
Project("{FAE04EC0-301F-11D3-BF4B-00C04F79EFBC}") = "OnlineStore", "OnlineStore.csproj", "{93D3CA74-C786-463F-9A36-F5E6722BA075}"
EndProject
Project("{2150E333-8FDC-42A3-9474-1A3956D46DE8}") = "Элементы решения", "Элементы решения", "{754FC069-D67B-A9D7-50A1-8D1CA196D8F1}"
	ProjectSection(SolutionItems) = preProject
		TextFile2.txt = TextFile2.txt
		TextFile3.txt = TextFile3.txt
	EndProjectSection
EndProject
Global
	GlobalSection(SolutionConfigurationPlatforms) = preSolution
		Debug|Any CPU = Debug|Any CPU
		Release|Any CPU = Release|Any CPU
	EndGlobalSection
	GlobalSection(ProjectConfigurationPlatforms) = postSolution
		{93D3CA74-C786-463F-9A36-F5E6722BA075}.Debug|Any CPU.ActiveCfg = Debug|Any CPU
		{93D3CA74-C786-463F-9A36-F5E6722BA075}.Debug|Any CPU.Build.0 = Debug|Any CPU
		{93D3CA74-C786-463F-9A36-F5E6722BA075}.Release|Any CPU.ActiveCfg = Release|Any CPU
		{93D3CA74-C786-463F-9A36-F5E6722BA075}.Release|Any CPU.Build.0 = Release|Any CPU
	EndGlobalSection
	GlobalSection(SolutionProperties) = preSolution
		HideSolutionNode = FALSE
	EndGlobalSection
	GlobalSection(ExtensibilityGlobals) = postSolution
		SolutionGuid = {D7941726-5E7B-467B-A623-3A5F5C33D855}
	EndGlobalSection
EndGlobal
